
Microsoft Visual Studio Solution File, Format Version 12.00
# Visual Studio Version 16
VisualStudioVersion = 16.0.29230.47
MinimumVisualStudioVersion = 10.0.40219.1
Project("{F184B08F-C81C-45F6-A57F-5ABD9991F28F}") = "Farbmischung", "Farbmischung.vbproj", "{4912B679-5371-4336-AD02-A8A439D33E6C}"
EndProject
Global
	GlobalSection(SolutionConfigurationPlatforms) = preSolution
		Debug|Any CPU = Debug|Any CPU
		Release|Any CPU = Release|Any CPU
	EndGlobalSection
	GlobalSection(ProjectConfigurationPlatforms) = postSolution
		{4912B679-5371-4336-AD02-A8A439D33E6C}.Debug|Any CPU.ActiveCfg = Debug|Any CPU
		{4912B679-5371-4336-AD02-A8A439D33E6C}.Debug|Any CPU.Build.0 = Debug|Any CPU
		{4912B679-5371-4336-AD02-A8A439D33E6C}.Release|Any CPU.ActiveCfg = Release|Any CPU
		{4912B679-5371-4336-AD02-A8A439D33E6C}.Release|Any CPU.Build.0 = Release|Any CPU
	EndGlobalSection
	GlobalSection(SolutionProperties) = preSolution
		HideSolutionNode = FALSE
	EndGlobalSection
	GlobalSection(ExtensibilityGlobals) = postSolution
		SolutionGuid = {B35BB48E-700F-48FC-9591-CA592E8771E5}
	EndGlobalSection
EndGlobal
